// !$*UTF8*$!
{
	archiveVersion = 1;
	classes = {
	};
	objectVersion = 50;
	objects = {

/* Begin PBXBuildFile section */
		BD4C7CCC20F688D2000342C3 /* AppDelegate.swift in Sources */ = {isa = PBXBuildFile; fileRef = BD4C7CCB20F688D2000342C3 /* AppDelegate.swift */; };
		BD4C7CCE20F688D2000342C3 /* ViewController.swift in Sources */ = {isa = PBXBuildFile; fileRef = BD4C7CCD20F688D2000342C3 /* ViewController.swift */; };
		BD4C7CD120F688D2000342C3 /* Main.storyboard in Resources */ = {isa = PBXBuildFile; fileRef = BD4C7CCF20F688D2000342C3 /* Main.storyboard */; };
		BD4C7CD320F688D3000342C3 /* Assets.xcassets in Resources */ = {isa = PBXBuildFile; fileRef = BD4C7CD220F688D3000342C3 /* Assets.xcassets */; };
		BD4C7CD620F688D3000342C3 /* LaunchScreen.storyboard in Resources */ = {isa = PBXBuildFile; fileRef = BD4C7CD420F688D3000342C3 /* LaunchScreen.storyboard */; };
		BD4C7CDE20F68DF9000342C3 /* NameAndGroupCodeViewController.swift in Sources */ = {isa = PBXBuildFile; fileRef = BD4C7CDD20F68DF9000342C3 /* NameAndGroupCodeViewController.swift */; };
		BD4C7CE020F68E32000342C3 /* SavoryFoodViewController.swift in Sources */ = {isa = PBXBuildFile; fileRef = BD4C7CDF20F68E32000342C3 /* SavoryFoodViewController.swift */; };
		BD4C7CE220F69750000342C3 /* SipsDrinksViewController.swift in Sources */ = {isa = PBXBuildFile; fileRef = BD4C7CE120F69750000342C3 /* SipsDrinksViewController.swift */; };
		BD4C7CE420F6A1EF000342C3 /* CheckOutViewController.swift in Sources */ = {isa = PBXBuildFile; fileRef = BD4C7CE320F6A1EF000342C3 /* CheckOutViewController.swift */; };
/* End PBXBuildFile section */

/* Begin PBXFileReference section */
		BD4C7CC820F688D2000342C3 /* Bongo Room FINAL.app */ = {isa = PBXFileReference; explicitFileType = wrapper.application; includeInIndex = 0; path = "Bongo Room FINAL.app"; sourceTree = BUILT_PRODUCTS_DIR; };
		BD4C7CCB20F688D2000342C3 /* AppDelegate.swift */ = {isa = PBXFileReference; lastKnownFileType = sourcecode.swift; path = AppDelegate.swift; sourceTree = "<group>"; };
		BD4C7CCD20F688D2000342C3 /* ViewController.swift */ = {isa = PBXFileReference; lastKnownFileType = sourcecode.swift; path = ViewController.swift; sourceTree = "<group>"; };
		BD4C7CD020F688D2000342C3 /* Base */ = {isa = PBXFileReference; lastKnownFileType = file.storyboard; name = Base; path = Base.lproj/Main.storyboard; sourceTree = "<group>"; };
		BD4C7CD220F688D3000342C3 /* Assets.xcassets */ = {isa = PBXFileReference; lastKnownFileType = folder.assetcatalog; path = Assets.xcassets; sourceTree = "<group>"; };
		BD4C7CD520F688D3000342C3 /* Base */ = {isa = PBXFileReference; lastKnownFileType = file.storyboard; name = Base; path = Base.lproj/LaunchScreen.storyboard; sourceTree = "<group>"; };
		BD4C7CD720F688D3000342C3 /* Info.plist */ = {isa = PBXFileReference; lastKnownFileType = text.plist.xml; path = Info.plist; sourceTree = "<group>"; };
		BD4C7CDD20F68DF9000342C3 /* NameAndGroupCodeViewController.swift */ = {isa = PBXFileReference; lastKnownFileType = sourcecode.swift; path = NameAndGroupCodeViewController.swift; sourceTree = "<group>"; };
		BD4C7CDF20F68E32000342C3 /* SavoryFoodViewController.swift */ = {isa = PBXFileReference; lastKnownFileType = sourcecode.swift; path = SavoryFoodViewController.swift; sourceTree = "<group>"; };
		BD4C7CE120F69750000342C3 /* SipsDrinksViewController.swift */ = {isa = PBXFileReference; lastKnownFileType = sourcecode.swift; path = SipsDrinksViewController.swift; sourceTree = "<group>"; };
		BD4C7CE320F6A1EF000342C3 /* CheckOutViewController.swift */ = {isa = PBXFileReference; lastKnownFileType = sourcecode.swift; path = CheckOutViewController.swift; sourceTree = "<group>"; };
/* End PBXFileReference section */

/* Begin PBXFrameworksBuildPhase section */
		BD4C7CC520F688D2000342C3 /* Frameworks */ = {
			isa = PBXFrameworksBuildPhase;
			buildActionMask = 2147483647;
			files = (
			);
			runOnlyForDeploymentPostprocessing = 0;
		};
/* End PBXFrameworksBuildPhase section */

/* Begin PBXGroup section */
		BD4C7CBF20F688D2000342C3 = {
			isa = PBXGroup;
			children = (
				BD4C7CCA20F688D2000342C3 /* Bongo Room FINAL */,
				BD4C7CC920F688D2000342C3 /* Products */,
			);
			sourceTree = "<group>";
		};
		BD4C7CC920F688D2000342C3 /* Products */ = {
			isa = PBXGroup;
			children = (
				BD4C7CC820F688D2000342C3 /* Bongo Room FINAL.app */,
			);
			name = Products;
			sourceTree = "<group>";
		};
		BD4C7CCA20F688D2000342C3 /* Bongo Room FINAL */ = {
			isa = PBXGroup;
			children = (
				BD4C7CCB20F688D2000342C3 /* AppDelegate.swift */,
				BD4C7CCD20F688D2000342C3 /* ViewController.swift */,
				BD4C7CCF20F688D2000342C3 /* Main.storyboard */,
				BD4C7CE320F6A1EF000342C3 /* CheckOutViewController.swift */,
				BD4C7CE120F69750000342C3 /* SipsDrinksViewController.swift */,
				BD4C7CDF20F68E32000342C3 /* SavoryFoodViewController.swift */,
				BD4C7CDD20F68DF9000342C3 /* NameAndGroupCodeViewController.swift */,
				BD4C7CD220F688D3000342C3 /* Assets.xcassets */,
				BD4C7CD420F688D3000342C3 /* LaunchScreen.storyboard */,
				BD4C7CD720F688D3000342C3 /* Info.plist */,
			);
			path = "Bongo Room FINAL";
			sourceTree = "<group>";
		};
/* End PBXGroup section */

/* Begin PBXNativeTarget section */
		BD4C7CC720F688D2000342C3 /* Bongo Room FINAL */ = {
			isa = PBXNativeTarget;
			buildConfigurationList = BD4C7CDA20F688D3000342C3 /* Build configuration list for PBXNativeTarget "Bongo Room FINAL" */;
			buildPhases = (
				BD4C7CC420F688D2000342C3 /* Sources */,
				BD4C7CC520F688D2000342C3 /* Frameworks */,
				BD4C7CC620F688D2000342C3 /* Resources */,
			);
			buildRules = (
			);
			dependencies = (
			);
			name = "Bongo Room FINAL";
			productName = "Bongo Room FINAL";
			productReference = BD4C7CC820F688D2000342C3 /* Bongo Room FINAL.app */;
			productType = "com.apple.product-type.application";
		};
/* End PBXNativeTarget section */

/* Begin PBXProject section */
		BD4C7CC020F688D2000342C3 /* Project object */ = {
			isa = PBXProject;
			attributes = {
				LastSwiftUpdateCheck = 0940;
				LastUpgradeCheck = 0940;
				ORGANIZATIONNAME = "Peter Gustafson";
				TargetAttributes = {
					BD4C7CC720F688D2000342C3 = {
						CreatedOnToolsVersion = 9.4.1;
					};
				};
			};
			buildConfigurationList = BD4C7CC320F688D2000342C3 /* Build configuration list for PBXProject "Bongo Room FINAL" */;
			compatibilityVersion = "Xcode 9.3";
			developmentRegion = en;
			hasScannedForEncodings = 0;
			knownRegions = (
				en,
				Base,
			);
			mainGroup = BD4C7CBF20F688D2000342C3;
			productRefGroup = BD4C7CC920F688D2000342C3 /* Products */;
			projectDirPath = "";
			projectRoot = "";
			targets = (
				BD4C7CC720F688D2000342C3 /* Bongo Room FINAL */,
			);
		};
/* End PBXProject section */

/* Begin PBXResourcesBuildPhase section */
		BD4C7CC620F688D2000342C3 /* Resources */ = {
			isa = PBXResourcesBuildPhase;
			buildActionMask = 2147483647;
			files = (
				BD4C7CD620F688D3000342C3 /* LaunchScreen.storyboard in Resources */,
				BD4C7CD320F688D3000342C3 /* Assets.xcassets in Resources */,
				BD4C7CD120F688D2000342C3 /* Main.storyboard in Resources */,
			);
			runOnlyForDeploymentPostprocessing = 0;
		};
/* End PBXResourcesBuildPhase section */

/* Begin PBXSourcesBuildPhase section */
		BD4C7CC420F688D2000342C3 /* Sources */ = {
			isa = PBXSourcesBuildPhase;
			buildActionMask = 2147483647;
			files = (
				BD4C7CE420F6A1EF000342C3 /* CheckOutViewController.swift in Sources */,
				BD4C7CE020F68E32000342C3 /* SavoryFoodViewController.swift in Sources */,
				BD4C7CCE20F688D2000342C3 /* ViewController.swift in Sources */,
				BD4C7CCC20F688D2000342C3 /* AppDelegate.swift in Sources */,
				BD4C7CDE20F68DF9000342C3 /* NameAndGroupCodeViewController.swift in Sources */,
				BD4C7CE220F69750000342C3 /* SipsDrinksViewController.swift in Sources */,
			);
			runOnlyForDeploymentPostprocessing = 0;
		};
/* End PBXSourcesBuildPhase section */

/* Begin PBXVariantGroup section */
		BD4C7CCF20F688D2000342C3 /* Main.storyboard */ = {
			isa = PBXVariantGroup;
			children = (
				BD4C7CD020F688D2000342C3 /* Base */,
			);
			name = Main.storyboard;
			sourceTree = "<group>";
		};
		BD4C7CD420F688D3000342C3 /* LaunchScreen.storyboard */ = {
			isa = PBXVariantGroup;
			children = (
				BD4C7CD520F688D3000342C3 /* Base */,
			);
			name = LaunchScreen.storyboard;
			sourceTree = "<group>";
		};
/* End PBXVariantGroup section */

/* Begin XCBuildConfiguration section */
		BD4C7CD820F688D3000342C3 /* Debug */ = {
			isa = XCBuildConfiguration;
			buildSettings = {
				ALWAYS_SEARCH_USER_PATHS = NO;
				CLANG_ANALYZER_NONNULL = YES;
				CLANG_ANALYZER_NUMBER_OBJECT_CONVERSION = YES_AGGRESSIVE;
				CLANG_CXX_LANGUAGE_STANDARD = "gnu++14";
				CLANG_CXX_LIBRARY = "libc++";
				CLANG_ENABLE_MODULES = YES;
				CLANG_ENABLE_OBJC_ARC = YES;
				CLANG_ENABLE_OBJC_WEAK = YES;
				CLANG_WARN_BLOCK_CAPTURE_AUTORELEASING = YES;
				CLANG_WARN_BOOL_CONVERSION = YES;
				CLANG_WARN_COMMA = YES;
				CLANG_WARN_CONSTANT_CONVERSION = YES;
				CLANG_WARN_DEPRECATED_OBJC_IMPLEMENTATIONS = YES;
				CLANG_WARN_DIRECT_OBJC_ISA_USAGE = YES_ERROR;
				CLANG_WARN_DOCUMENTATION_COMMENTS = YES;
				CLANG_WARN_EMPTY_BODY = YES;
				CLANG_WARN_ENUM_CONVERSION = YES;
				CLANG_WARN_INFINITE_RECURSION = YES;
				CLANG_WARN_INT_CONVERSION = YES;
				CLANG_WARN_NON_LITERAL_NULL_CONVERSION = YES;
				CLANG_WARN_OBJC_IMPLICIT_RETAIN_SELF = YES;
				CLANG_WARN_OBJC_LITERAL_CONVERSION = YES;
				CLANG_WARN_OBJC_ROOT_CLASS = YES_ERROR;
				CLANG_WARN_RANGE_LOOP_ANALYSIS = YES;
				CLANG_WARN_STRICT_PROTOTYPES = YES;
				CLANG_WARN_SUSPICIOUS_MOVE = YES;
				CLANG_WARN_UNGUARDED_AVAILABILITY = YES_AGGRESSIVE;
				CLANG_WARN_UNREACHABLE_CODE = YES;
				CLANG_WARN__DUPLICATE_METHOD_MATCH = YES;
				CODE_SIGN_IDENTITY = "iPhone Developer";
				COPY_PHASE_STRIP = NO;
				DEBUG_INFORMATION_FORMAT = dwarf;
				ENABLE_STRICT_OBJC_MSGSEND = YES;
				ENABLE_TESTABILITY = YES;
				GCC_C_LANGUAGE_STANDARD = gnu11;
				GCC_DYNAMIC_NO_PIC = NO;
				GCC_NO_COMMON_BLOCKS = YES;
				GCC_OPTIMIZATION_LEVEL = 0;
				GCC_PREPROCESSOR_DEFINITIONS = (
					"DEBUG=1",
					"$(inherited)",
				);
				GCC_WARN_64_TO_32_BIT_CONVERSION = YES;
				GCC_WARN_ABOUT_RETURN_TYPE = YES_ERROR;
				GCC_WARN_UNDECLARED_SELECTOR = YES;
				GCC_WARN_UNINITIALIZED_AUTOS = YES_AGGRESSIVE;
				GCC_WARN_UNUSED_FUNCTION = YES;
				GCC_WARN_UNUSED_VARIABLE = YES;
				IPHONEOS_DEPLOYMENT_TARGET = 11.4;
				MTL_ENABLE_DEBUG_INFO = YES;
				ONLY_ACTIVE_ARCH = YES;
				SDKROOT = iphoneos;
				SWIFT_ACTIVE_COMPILATION_CONDITIONS = DEBUG;
				SWIFT_OPTIMIZATION_LEVEL = "-Onone";
			};
			name = Debug;
		};
		BD4C7CD920F688D3000342C3 /* Release */ = {
			isa = XCBuildConfiguration;
			buildSettings = {
				ALWAYS_SEARCH_USER_PATHS = NO;
				CLANG_ANALYZER_NONNULL = YES;
				CLANG_ANALYZER_NUMBER_OBJECT_CONVERSION = YES_AGGRESSIVE;
				CLANG_CXX_LANGUAGE_STANDARD = "gnu++14";
				CLANG_CXX_LIBRARY = "libc++";
				CLANG_ENABLE_MODULES = YES;
				CLANG_ENABLE_OBJC_ARC = YES;
				CLANG_ENABLE_OBJC_WEAK = YES;
				CLANG_WARN_BLOCK_CAPTURE_AUTORELEASING = YES;
				CLANG_WARN_BOOL_CONVERSION = YES;
				CLANG_WARN_COMMA = YES;
				CLANG_WARN_CONSTANT_CONVERSION = YES;
				CLANG_WARN_DEPRECATED_OBJC_IMPLEMENTATIONS = YES;
				CLANG_WARN_DIRECT_OBJC_ISA_USAGE = YES_ERROR;
				CLANG_WARN_DOCUMENTATION_COMMENTS = YES;
				CLANG_WARN_EMPTY_BODY = YES;
				CLANG_WARN_ENUM_CONVERSION = YES;
				CLANG_WARN_INFINITE_RECURSION = YES;
				CLANG_WARN_INT_CONVERSION = YES;
				CLANG_WARN_NON_LITERAL_NULL_CONVERSION = YES;
				CLANG_WARN_OBJC_IMPLICIT_RETAIN_SELF = YES;
				CLANG_WARN_OBJC_LITERAL_CONVERSION = YES;
				CLANG_WARN_OBJC_ROOT_CLASS = YES_ERROR;
				CLANG_WARN_RANGE_LOOP_ANALYSIS = YES;
				CLANG_WARN_STRICT_PROTOTYPES = YES;
				CLANG_WARN_SUSPICIOUS_MOVE = YES;
				CLANG_WARN_UNGUARDED_AVAILABILITY = YES_AGGRESSIVE;
				CLANG_WARN_UNREACHABLE_CODE = YES;
				CLANG_WARN__DUPLICATE_METHOD_MATCH = YES;
				CODE_SIGN_IDENTITY = "iPhone Developer";
				COPY_PHASE_STRIP = NO;
				DEBUG_INFORMATION_FORMAT = "dwarf-with-dsym";
				ENABLE_NS_ASSERTIONS = NO;
				ENABLE_STRICT_OBJC_MSGSEND = YES;
				GCC_C_LANGUAGE_STANDARD = gnu11;
				GCC_NO_COMMON_BLOCKS = YES;
				GCC_WARN_64_TO_32_BIT_CONVERSION = YES;
				GCC_WARN_ABOUT_RETURN_TYPE = YES_ERROR;
				GCC_WARN_UNDECLARED_SELECTOR = YES;
				GCC_WARN_UNINITIALIZED_AUTOS = YES_AGGRESSIVE;
				GCC_WARN_UNUSED_FUNCTION = YES;
				GCC_WARN_UNUSED_VARIABLE = YES;
				IPHONEOS_DEPLOYMENT_TARGET = 11.4;
				MTL_ENABLE_DEBUG_INFO = NO;
				SDKROOT = iphoneos;
				SWIFT_COMPILATION_MODE = wholemodule;
				SWIFT_OPTIMIZATION_LEVEL = "-O";
				VALIDATE_PRODUCT = YES;
			};
			name = Release;
		};
		BD4C7CDB20F688D3000342C3 /* Debug */ = {
			isa = XCBuildConfiguration;
			buildSettings = {
				ASSETCATALOG_COMPILER_APPICON_NAME = AppIcon;
				CODE_SIGN_STYLE = Automatic;
				DEVELOPMENT_TEAM = 7GBP62H9N6;
				INFOPLIST_FILE = "Bongo Room FINAL/Info.plist";
				LD_RUNPATH_SEARCH_PATHS = (
					"$(inherited)",
					"@executable_path/Frameworks",
				);
				PRODUCT_BUNDLE_IDENTIFIER = "com.peterlgustafson.Bongo-Room-FINAL";
				PRODUCT_NAME = "$(TARGET_NAME)";
				SWIFT_VERSION = 4.0;
				TARGETED_DEVICE_FAMILY = "1,2";
			};
			name = Debug;
		};
		BD4C7CDC20F688D3000342C3 /* Release */ = {
			isa = XCBuildConfiguration;
			buildSettings = {
				ASSETCATALOG_COMPILER_APPICON_NAME = AppIcon;
				CODE_SIGN_STYLE = Automatic;
				DEVELOPMENT_TEAM = 7GBP62H9N6;
				INFOPLIST_FILE = "Bongo Room FINAL/Info.plist";
				LD_RUNPATH_SEARCH_PATHS = (
					"$(inherited)",
					"@executable_path/Frameworks",
				);
				PRODUCT_BUNDLE_IDENTIFIER = "com.peterlgustafson.Bongo-Room-FINAL";
				PRODUCT_NAME = "$(TARGET_NAME)";
				SWIFT_VERSION = 4.0;
				TARGETED_DEVICE_FAMILY = "1,2";
			};
			name = Release;
		};
/* End XCBuildConfiguration section */

/* Begin XCConfigurationList section */
		BD4C7CC320F688D2000342C3 /* Build configuration list for PBXProject "Bongo Room FINAL" */ = {
			isa = XCConfigurationList;
			buildConfigurations = (
				BD4C7CD820F688D3000342C3 /* Debug */,
				BD4C7CD920F688D3000342C3 /* Release */,
			);
			defaultConfigurationIsVisible = 0;
			defaultConfigurationName = Release;
		};
		BD4C7CDA20F688D3000342C3 /* Build configuration list for PBXNativeTarget "Bongo Room FINAL" */ = {
			isa = XCConfigurationList;
			buildConfigurations = (
				BD4C7CDB20F688D3000342C3 /* Debug */,
				BD4C7CDC20F688D3000342C3 /* Release */,
			);
			defaultConfigurationIsVisible = 0;
			defaultConfigurationName = Release;
		};
/* End XCConfigurationList section */
	};
	rootObject = BD4C7CC020F688D2000342C3 /* Project object */;
}
